PODS:
  - FHHFPSIndicator (1.0.2)
  - libwebp (1.0.2):
    - libwebp/core (= 1.0.2)
    - libwebp/dec (= 1.0.2)
    - libwebp/demux (= 1.0.2)
    - libwebp/dsp (= 1.0.2)
    - libwebp/enc (= 1.0.2)
    - libwebp/mux (= 1.0.2)
    - libwebp/utils (= 1.0.2)
    - libwebp/webp (= 1.0.2)
  - libwebp/core (1.0.2):
    - libwebp/webp
  - libwebp/dec (1.0.2):
    - libwebp/core
  - libwebp/demux (1.0.2):
    - libwebp/core
  - libwebp/dsp (1.0.2):
    - libwebp/core
  - libwebp/enc (1.0.2):
    - libwebp/core
  - libwebp/mux (1.0.2):
    - libwebp/core
  - libwebp/utils (1.0.2):
    - libwebp/core
  - libwebp/webp (1.0.2)
  - RLImageBrowser (1.1.0):
    - SDWebImage (~> 5.0.2)
    - SDWebImageWebPCoder (~> 0.2.1)
  - SDWebImage (5.0.3):
    - SDWebImage/Core (= 5.0.3)
  - SDWebImage/Core (5.0.3)
  - SDWebImageWebPCoder (0.2.1):
    - libwebp (~> 1.0)
    - SDWebImage/Core (~> 5.0)

DEPENDENCIES:
  - FHHFPSIndicator
  - RLImageBrowser (from `../`)

SPEC REPOS:
  https://github.com/cocoapods/specs.git:
    - FHHFPSIndicator
    - libwebp
    - SDWebImage
    - SDWebImageWebPCoder

EXTERNAL SOURCES:
  RLImageBrowser:
    :path: "../"

SPEC CHECKSUMS:
  FHHFPSIndicator: 29d986402ea729a941a3cda184e3635d1def69ae
  libwebp: b068a3bd7c45f7460f6715be7bed1a18fd5d6b48
  RLImageBrowser: e4c3fca5858f80676b9fd47a6fd5455b89fe7bf3
  SDWebImage: d4f87d7d36c8a4d9f9459dc282e0caa057fdf935
  SDWebImageWebPCoder: 6e04bcaef15bdf033782b24663cc0c9881d9b745

PODFILE CHECKSUM: ddefcf7c311326f8b4cdcefbe66789f03325975a

COCOAPODS: 1.6.1
