PODS:
  - FHHFPSIndicator (1.0.2)
  - libwebp (1.0.2):
    - libwebp/core (= 1.0.2)
    - libwebp/dec (= 1.0.2)
    - libwebp/demux (= 1.0.2)
    - libwebp/dsp (= 1.0.2)
    - libwebp/enc (= 1.0.2)
    - libwebp/mux (= 1.0.2)
    - libwebp/utils (= 1.0.2)
    - libwebp/webp (= 1.0.2)
  - libwebp/core (1.0.2):
    - libwebp/webp
  - libwebp/dec (1.0.2):
    - libwebp/core
  - libwebp/demux (1.0.2):
    - libwebp/core
  - libwebp/dsp (1.0.2):
    - libwebp/core
  - libwebp/enc (1.0.2):
    - libwebp/core
  - libwebp/mux (1.0.2):
    - libwebp/core
  - libwebp/utils (1.0.2):
    - libwebp/core
  - libwebp/webp (1.0.2)
  - RLImageBrowser (1.0.2):
    - SDWebImage/Core
    - SDWebImage/WebP
  - SDWebImage/Core (4.4.6)
  - SDWebImage/WebP (4.4.6):
    - libwebp (>= 0.5)
    - SDWebImage/Core

DEPENDENCIES:
  - FHHFPSIndicator
  - RLImageBrowser (from `../`)

SPEC REPOS:
  https://github.com/cocoapods/specs.git:
    - FHHFPSIndicator
    - libwebp
    - SDWebImage

EXTERNAL SOURCES:
  RLImageBrowser:
    :path: "../"

SPEC CHECKSUMS:
  FHHFPSIndicator: 29d986402ea729a941a3cda184e3635d1def69ae
  libwebp: b068a3bd7c45f7460f6715be7bed1a18fd5d6b48
  RLImageBrowser: b98ca4bb998bf9ac6cb1d2112ccd115edee4083f
  SDWebImage: 3f3f0c02f09798048c47a5ed0a13f17b063572d8

PODFILE CHECKSUM: ddefcf7c311326f8b4cdcefbe66789f03325975a

COCOAPODS: 1.6.1
